
Microsoft Visual Studio Solution File, Format Version 12.00
# Visual Studio Version 17
VisualStudioVersion = 17.5.33502.453
MinimumVisualStudioVersion = 10.0.40219.1
Project("{FAE04EC0-301F-11D3-BF4B-00C04F79EFBC}") = "DelegatesAndEvents", "DelegatesAndEvents.csproj", "{733BC773-D6DB-4112-9A46-25D51645D70D}"
EndProject
Global
	GlobalSection(SolutionConfigurationPlatforms) = preSolution
		Debug|Any CPU = Debug|Any CPU
		Release|Any CPU = Release|Any CPU
	EndGlobalSection
	GlobalSection(ProjectConfigurationPlatforms) = postSolution
		{733BC773-D6DB-4112-9A46-25D51645D70D}.Debug|Any CPU.ActiveCfg = Debug|Any CPU
		{733BC773-D6DB-4112-9A46-25D51645D70D}.Debug|Any CPU.Build.0 = Debug|Any CPU
		{733BC773-D6DB-4112-9A46-25D51645D70D}.Release|Any CPU.ActiveCfg = Release|Any CPU
		{733BC773-D6DB-4112-9A46-25D51645D70D}.Release|Any CPU.Build.0 = Release|Any CPU
	EndGlobalSection
	GlobalSection(SolutionProperties) = preSolution
		HideSolutionNode = FALSE
	EndGlobalSection
	GlobalSection(ExtensibilityGlobals) = postSolution
		SolutionGuid = {4377DF29-1FA8-44F2-BD01-463A22AF917B}
	EndGlobalSection
EndGlobal
